# This file is generated by running "yarn install" inside your project.
# Manual changes might be lost - proceed with caution!

__metadata:
  version: 6
  cacheKey: 8

"@discordjs/builders@npm:^0.12.0":
  version: 0.12.0
  resolution: "@discordjs/builders@npm:0.12.0"
  dependencies:
    "@sindresorhus/is": ^4.3.0
    discord-api-types: ^0.26.1
    ts-mixer: ^6.0.0
    tslib: ^2.3.1
    zod: ^3.11.6
  checksum: 3c4ef256371121938d5d75571e19f0697b1575dd9fb31a7ca47337d00a1ec45b2c1ce19a1261650a5f6393ac4116f8ed9e82120ce5de534be562dde919a2a6d7
  languageName: node
  linkType: hard

"@sindresorhus/is@npm:^4.3.0":
  version: 4.6.0
  resolution: "@sindresorhus/is@npm:4.6.0"
  checksum: 83839f13da2c29d55c97abc3bc2c55b250d33a0447554997a85c539e058e57b8da092da396e252b11ec24a0279a0bed1f537fa26302209327060643e327f81d2
  languageName: node
  linkType: hard

"discord-api-types@npm:^0.26.1":
  version: 0.26.1
  resolution: "discord-api-types@npm:0.26.1"
  checksum: e53bfa7589b24108e6b403dbe213da34c4592f72e2b8fde6800dcb6c703065887ecbd644e1cdf694e4c7796954bc51462ced868f26ec45dc1e0dc4fa8d3c723c
  languageName: node
  linkType: hard

"simp-bot-rewritten@workspace:.":
  version: 0.0.0-use.local
  resolution: "simp-bot-rewritten@workspace:."
  dependencies:
    "@discordjs/builders": ^0.12.0
  languageName: unknown
  linkType: soft

"ts-mixer@npm:^6.0.0":
  version: 6.0.1
  resolution: "ts-mixer@npm:6.0.1"
  checksum: 7050f6e85a24155d18cecdcc0a098d1038991cc498317fcffa9d7a8654c776d417fb97e65de1ce8e7ed54ef4814abd8057d0efb9c3b24e9cc78ac3c0f48bbf53
  languageName: node
  linkType: hard

"tslib@npm:^2.3.1":
  version: 2.3.1
  resolution: "tslib@npm:2.3.1"
  checksum: de17a98d4614481f7fcb5cd53ffc1aaf8654313be0291e1bfaee4b4bb31a20494b7d218ff2e15017883e8ea9626599b3b0e0229c18383ba9dce89da2adf15cb9
  languageName: node
  linkType: hard

"zod@npm:^3.11.6":
  version: 3.13.4
  resolution: "zod@npm:3.13.4"
  checksum: 3db8e4d27e8d305eed44c3eaff3e67fa26e39ad0bf4f06dbafae6b6e6516bdcc5aafe342afeb81ba0386fa53373404a18f0371d41a3738f1f9b85d1321ee9724
  languageName: node
  linkType: hard
